{
  "name": "apitest",
  "version": "1.0.0",
  "lockfileVersion": 3,
  "requires": true,
  "packages": {
    "": {
      "name": "apitest",
      "version": "1.0.0",
      "license": "ISC",
      "dependencies": {
        "waifuvault-node-api": "^1.0.1"
      }
    },
    "node_modules/waifuvault-node-api": {
      "version": "1.0.1",
      "resolved": "https://registry.npmjs.org/waifuvault-node-api/-/waifuvault-node-api-1.0.1.tgz",
      "integrity": "sha512-XS+1OlPC+F2c4H2BZozKV++3h0iTS5pE5hNZvxh8PBBcJbNtcIj6U7idpXULNk3phhK6Mhd9XgBaa6/eJRJqiw==",
      "engines": {
        "node": ">=18.0.0"
      }
    }
  }
}
